
Microsoft Visual Studio Solution File, Format Version 12.00
# Visual Studio 15
VisualStudioVersion = 15.0.28307.136
MinimumVisualStudioVersion = 10.0.40219.1
Project("{FAE04EC0-301F-11D3-BF4B-00C04F79EFBC}") = "Appcachstorage.Android", "Appcachstorage\Appcachstorage.Android\Appcachstorage.Android.csproj", "{F4E3F662-839B-4B67-80DC-9C19093B8213}"
EndProject
Project("{FAE04EC0-301F-11D3-BF4B-00C04F79EFBC}") = "Appcachstorage.iOS", "Appcachstorage\Appcachstorage.iOS\Appcachstorage.iOS.csproj", "{4F73BC06-C413-41A3-B2E5-EAF3E4B91F02}"
EndProject
Project("{FAE04EC0-301F-11D3-BF4B-00C04F79EFBC}") = "Appcachstorage", "Appcachstorage\Appcachstorage\Appcachstorage.csproj", "{1395A183-3DE1-4030-BF16-1E616B9F93B8}"
EndProject
Global
	GlobalSection(SolutionConfigurationPlatforms) = preSolution
		Ad-Hoc|Any CPU = Ad-Hoc|Any CPU
		Ad-Hoc|iPhone = Ad-Hoc|iPhone
		Ad-Hoc|iPhoneSimulator = Ad-Hoc|iPhoneSimulator
		AppStore|Any CPU = AppStore|Any CPU
		AppStore|iPhone = AppStore|iPhone
		AppStore|iPhoneSimulator = AppStore|iPhoneSimulator
		Debug|Any CPU = Debug|Any CPU
		Debug|iPhone = Debug|iPhone
		Debug|iPhoneSimulator = Debug|iPhoneSimulator
		Release|Any CPU = Release|Any CPU
		Release|iPhone = Release|iPhone
		Release|iPhoneSimulator = Release|iPhoneSimulator
	EndGlobalSection
	GlobalSection(ProjectConfigurationPlatforms) = postSolution
		{F4E3F662-839B-4B67-80DC-9C19093B8213}.Ad-Hoc|Any CPU.ActiveCfg = Release|Any CPU
		{F4E3F662-839B-4B67-80DC-9C19093B8213}.Ad-Hoc|Any CPU.Build.0 = Release|Any CPU
		{F4E3F662-839B-4B67-80DC-9C19093B8213}.Ad-Hoc|Any CPU.Deploy.0 = Release|Any CPU
		{F4E3F662-839B-4B67-80DC-9C19093B8213}.Ad-Hoc|iPhone.ActiveCfg = Release|Any CPU
		{F4E3F662-839B-4B67-80DC-9C19093B8213}.Ad-Hoc|iPhone.Build.0 = Release|Any CPU
		{F4E3F662-839B-4B67-80DC-9C19093B8213}.Ad-Hoc|iPhone.Deploy.0 = Release|Any CPU
		{F4E3F662-839B-4B67-80DC-9C19093B8213}.Ad-Hoc|iPhoneSimulator.ActiveCfg = Release|Any CPU
		{F4E3F662-839B-4B67-80DC-9C19093B8213}.Ad-Hoc|iPhoneSimulator.Build.0 = Release|Any CPU
		{F4E3F662-839B-4B67-80DC-9C19093B8213}.Ad-Hoc|iPhoneSimulator.Deploy.0 = Release|Any CPU
		{F4E3F662-839B-4B67-80DC-9C19093B8213}.AppStore|Any CPU.ActiveCfg = Release|Any CPU
		{F4E3F662-839B-4B67-80DC-9C19093B8213}.AppStore|Any CPU.Build.0 = Release|Any CPU
		{F4E3F662-839B-4B67-80DC-9C19093B8213}.AppStore|Any CPU.Deploy.0 = Release|Any CPU
		{F4E3F662-839B-4B67-80DC-9C19093B8213}.AppStore|iPhone.ActiveCfg = Release|Any CPU
		{F4E3F662-839B-4B67-80DC-9C19093B8213}.AppStore|iPhone.Build.0 = Release|Any CPU
		{F4E3F662-839B-4B67-80DC-9C19093B8213}.AppStore|iPhone.Deploy.0 = Release|Any CPU
		{F4E3F662-839B-4B67-80DC-9C19093B8213}.AppStore|iPhoneSimulator.ActiveCfg = Release|Any CPU
		{F4E3F662-839B-4B67-80DC-9C19093B8213}.AppStore|iPhoneSimulator.Build.0 = Release|Any CPU
		{F4E3F662-839B-4B67-80DC-9C19093B8213}.AppStore|iPhoneSimulator.Deploy.0 = Release|Any CPU
		{F4E3F662-839B-4B67-80DC-9C19093B8213}.Debug|Any CPU.ActiveCfg = Debug|Any CPU
		{F4E3F662-839B-4B67-80DC-9C19093B8213}.Debug|Any CPU.Build.0 = Debug|Any CPU
		{F4E3F662-839B-4B67-80DC-9C19093B8213}.Debug|Any CPU.Deploy.0 = Debug|Any CPU
		{F4E3F662-839B-4B67-80DC-9C19093B8213}.Debug|iPhone.ActiveCfg = Debug|Any CPU
		{F4E3F662-839B-4B67-80DC-9C19093B8213}.Debug|iPhone.Build.0 = Debug|Any CPU
		{F4E3F662-839B-4B67-80DC-9C19093B8213}.Debug|iPhone.Deploy.0 = Debug|Any CPU
		{F4E3F662-839B-4B67-80DC-9C19093B8213}.Debug|iPhoneSimulator.ActiveCfg = Debug|Any CPU
		{F4E3F662-839B-4B67-80DC-9C19093B8213}.Debug|iPhoneSimulator.Build.0 = Debug|Any CPU
		{F4E3F662-839B-4B67-80DC-9C19093B8213}.Debug|iPhoneSimulator.Deploy.0 = Debug|Any CPU
		{F4E3F662-839B-4B67-80DC-9C19093B8213}.Release|Any CPU.ActiveCfg = Release|Any CPU
		{F4E3F662-839B-4B67-80DC-9C19093B8213}.Release|Any CPU.Build.0 = Release|Any CPU
		{F4E3F662-839B-4B67-80DC-9C19093B8213}.Release|Any CPU.Deploy.0 = Release|Any CPU
		{F4E3F662-839B-4B67-80DC-9C19093B8213}.Release|iPhone.ActiveCfg = Release|Any CPU
		{F4E3F662-839B-4B67-80DC-9C19093B8213}.Release|iPhone.Build.0 = Release|Any CPU
		{F4E3F662-839B-4B67-80DC-9C19093B8213}.Release|iPhone.Deploy.0 = Release|Any CPU
		{F4E3F662-839B-4B67-80DC-9C19093B8213}.Release|iPhoneSimulator.ActiveCfg = Release|Any CPU
		{F4E3F662-839B-4B67-80DC-9C19093B8213}.Release|iPhoneSimulator.Build.0 = Release|Any CPU
		{F4E3F662-839B-4B67-80DC-9C19093B8213}.Release|iPhoneSimulator.Deploy.0 = Release|Any CPU
		{4F73BC06-C413-41A3-B2E5-EAF3E4B91F02}.Ad-Hoc|Any CPU.ActiveCfg = Ad-Hoc|iPhone
		{4F73BC06-C413-41A3-B2E5-EAF3E4B91F02}.Ad-Hoc|Any CPU.Build.0 = Ad-Hoc|iPhone
		{4F73BC06-C413-41A3-B2E5-EAF3E4B91F02}.Ad-Hoc|Any CPU.Deploy.0 = Ad-Hoc|iPhone
		{4F73BC06-C413-41A3-B2E5-EAF3E4B91F02}.Ad-Hoc|iPhone.ActiveCfg = Ad-Hoc|iPhone
		{4F73BC06-C413-41A3-B2E5-EAF3E4B91F02}.Ad-Hoc|iPhone.Build.0 = Ad-Hoc|iPhone
		{4F73BC06-C413-41A3-B2E5-EAF3E4B91F02}.Ad-Hoc|iPhone.Deploy.0 = Ad-Hoc|iPhone
		{4F73BC06-C413-41A3-B2E5-EAF3E4B91F02}.Ad-Hoc|iPhoneSimulator.ActiveCfg = Ad-Hoc|iPhoneSimulator
		{4F73BC06-C413-41A3-B2E5-EAF3E4B91F02}.Ad-Hoc|iPhoneSimulator.Build.0 = Ad-Hoc|iPhoneSimulator
		{4F73BC06-C413-41A3-B2E5-EAF3E4B91F02}.Ad-Hoc|iPhoneSimulator.Deploy.0 = Ad-Hoc|iPhoneSimulator
		{4F73BC06-C413-41A3-B2E5-EAF3E4B91F02}.AppStore|Any CPU.ActiveCfg = AppStore|iPhone
		{4F73BC06-C413-41A3-B2E5-EAF3E4B91F02}.AppStore|Any CPU.Build.0 = AppStore|iPhone
		{4F73BC06-C413-41A3-B2E5-EAF3E4B91F02}.AppStore|Any CPU.Deploy.0 = AppStore|iPhone
		{4F73BC06-C413-41A3-B2E5-EAF3E4B91F02}.AppStore|iPhone.ActiveCfg = AppStore|iPhone
		{4F73BC06-C413-41A3-B2E5-EAF3E4B91F02}.AppStore|iPhone.Build.0 = AppStore|iPhone
		{4F73BC06-C413-41A3-B2E5-EAF3E4B91F02}.AppStore|iPhone.Deploy.0 = AppStore|iPhone
		{4F73BC06-C413-41A3-B2E5-EAF3E4B91F02}.AppStore|iPhoneSimulator.ActiveCfg = AppStore|iPhoneSimulator
		{4F73BC06-C413-41A3-B2E5-EAF3E4B91F02}.AppStore|iPhoneSimulator.Build.0 = AppStore|iPhoneSimulator
		{4F73BC06-C413-41A3-B2E5-EAF3E4B91F02}.AppStore|iPhoneSimulator.Deploy.0 = AppStore|iPhoneSimulator
		{4F73BC06-C413-41A3-B2E5-EAF3E4B91F02}.Debug|Any CPU.ActiveCfg = Debug|iPhoneSimulator
		{4F73BC06-C413-41A3-B2E5-EAF3E4B91F02}.Debug|Any CPU.Build.0 = Debug|iPhoneSimulator
		{4F73BC06-C413-41A3-B2E5-EAF3E4B91F02}.Debug|Any CPU.Deploy.0 = Debug|iPhoneSimulator
		{4F73BC06-C413-41A3-B2E5-EAF3E4B91F02}.Debug|iPhone.ActiveCfg = Debug|iPhone
		{4F73BC06-C413-41A3-B2E5-EAF3E4B91F02}.Debug|iPhone.Build.0 = Debug|iPhone
		{4F73BC06-C413-41A3-B2E5-EAF3E4B91F02}.Debug|iPhone.Deploy.0 = Debug|iPhone
		{4F73BC06-C413-41A3-B2E5-EAF3E4B91F02}.Debug|iPhoneSimulator.ActiveCfg = Debug|iPhoneSimulator
		{4F73BC06-C413-41A3-B2E5-EAF3E4B91F02}.Debug|iPhoneSimulator.Build.0 = Debug|iPhoneSimulator
		{4F73BC06-C413-41A3-B2E5-EAF3E4B91F02}.Debug|iPhoneSimulator.Deploy.0 = Debug|iPhoneSimulator
		{4F73BC06-C413-41A3-B2E5-EAF3E4B91F02}.Release|Any CPU.ActiveCfg = Release|iPhone
		{4F73BC06-C413-41A3-B2E5-EAF3E4B91F02}.Release|Any CPU.Build.0 = Release|iPhone
		{4F73BC06-C413-41A3-B2E5-EAF3E4B91F02}.Release|Any CPU.Deploy.0 = Release|iPhone
		{4F73BC06-C413-41A3-B2E5-EAF3E4B91F02}.Release|iPhone.ActiveCfg = Release|iPhone
		{4F73BC06-C413-41A3-B2E5-EAF3E4B91F02}.Release|iPhone.Build.0 = Release|iPhone
		{4F73BC06-C413-41A3-B2E5-EAF3E4B91F02}.Release|iPhone.Deploy.0 = Release|iPhone
		{4F73BC06-C413-41A3-B2E5-EAF3E4B91F02}.Release|iPhoneSimulator.ActiveCfg = Release|iPhoneSimulator
		{4F73BC06-C413-41A3-B2E5-EAF3E4B91F02}.Release|iPhoneSimulator.Build.0 = Release|iPhoneSimulator
		{4F73BC06-C413-41A3-B2E5-EAF3E4B91F02}.Release|iPhoneSimulator.Deploy.0 = Release|iPhoneSimulator
		{1395A183-3DE1-4030-BF16-1E616B9F93B8}.Ad-Hoc|Any CPU.ActiveCfg = Debug|Any CPU
		{1395A183-3DE1-4030-BF16-1E616B9F93B8}.Ad-Hoc|Any CPU.Build.0 = Debug|Any CPU
		{1395A183-3DE1-4030-BF16-1E616B9F93B8}.Ad-Hoc|Any CPU.Deploy.0 = Debug|Any CPU
		{1395A183-3DE1-4030-BF16-1E616B9F93B8}.Ad-Hoc|iPhone.ActiveCfg = Debug|Any CPU
		{1395A183-3DE1-4030-BF16-1E616B9F93B8}.Ad-Hoc|iPhone.Build.0 = Debug|Any CPU
		{1395A183-3DE1-4030-BF16-1E616B9F93B8}.Ad-Hoc|iPhone.Deploy.0 = Debug|Any CPU
		{1395A183-3DE1-4030-BF16-1E616B9F93B8}.Ad-Hoc|iPhoneSimulator.ActiveCfg = Debug|Any CPU
		{1395A183-3DE1-4030-BF16-1E616B9F93B8}.Ad-Hoc|iPhoneSimulator.Build.0 = Debug|Any CPU
		{1395A183-3DE1-4030-BF16-1E616B9F93B8}.Ad-Hoc|iPhoneSimulator.Deploy.0 = Debug|Any CPU
		{1395A183-3DE1-4030-BF16-1E616B9F93B8}.AppStore|Any CPU.ActiveCfg = Debug|Any CPU
		{1395A183-3DE1-4030-BF16-1E616B9F93B8}.AppStore|Any CPU.Build.0 = Debug|Any CPU
		{1395A183-3DE1-4030-BF16-1E616B9F93B8}.AppStore|Any CPU.Deploy.0 = Debug|Any CPU
		{1395A183-3DE1-4030-BF16-1E616B9F93B8}.AppStore|iPhone.ActiveCfg = Debug|Any CPU
		{1395A183-3DE1-4030-BF16-1E616B9F93B8}.AppStore|iPhone.Build.0 = Debug|Any CPU
		{1395A183-3DE1-4030-BF16-1E616B9F93B8}.AppStore|iPhone.Deploy.0 = Debug|Any CPU
		{1395A183-3DE1-4030-BF16-1E616B9F93B8}.AppStore|iPhoneSimulator.ActiveCfg = Debug|Any CPU
		{1395A183-3DE1-4030-BF16-1E616B9F93B8}.AppStore|iPhoneSimulator.Build.0 = Debug|Any CPU
		{1395A183-3DE1-4030-BF16-1E616B9F93B8}.AppStore|iPhoneSimulator.Deploy.0 = Debug|Any CPU
		{1395A183-3DE1-4030-BF16-1E616B9F93B8}.Debug|Any CPU.ActiveCfg = Debug|Any CPU
		{1395A183-3DE1-4030-BF16-1E616B9F93B8}.Debug|Any CPU.Build.0 = Debug|Any CPU
		{1395A183-3DE1-4030-BF16-1E616B9F93B8}.Debug|Any CPU.Deploy.0 = Debug|Any CPU
		{1395A183-3DE1-4030-BF16-1E616B9F93B8}.Debug|iPhone.ActiveCfg = Debug|Any CPU
		{1395A183-3DE1-4030-BF16-1E616B9F93B8}.Debug|iPhone.Build.0 = Debug|Any CPU
		{1395A183-3DE1-4030-BF16-1E616B9F93B8}.Debug|iPhone.Deploy.0 = Debug|Any CPU
		{1395A183-3DE1-4030-BF16-1E616B9F93B8}.Debug|iPhoneSimulator.ActiveCfg = Debug|Any CPU
		{1395A183-3DE1-4030-BF16-1E616B9F93B8}.Debug|iPhoneSimulator.Build.0 = Debug|Any CPU
		{1395A183-3DE1-4030-BF16-1E616B9F93B8}.Debug|iPhoneSimulator.Deploy.0 = Debug|Any CPU
		{1395A183-3DE1-4030-BF16-1E616B9F93B8}.Release|Any CPU.ActiveCfg = Release|Any CPU
		{1395A183-3DE1-4030-BF16-1E616B9F93B8}.Release|Any CPU.Build.0 = Release|Any CPU
		{1395A183-3DE1-4030-BF16-1E616B9F93B8}.Release|Any CPU.Deploy.0 = Release|Any CPU
		{1395A183-3DE1-4030-BF16-1E616B9F93B8}.Release|iPhone.ActiveCfg = Release|Any CPU
		{1395A183-3DE1-4030-BF16-1E616B9F93B8}.Release|iPhone.Build.0 = Release|Any CPU
		{1395A183-3DE1-4030-BF16-1E616B9F93B8}.Release|iPhone.Deploy.0 = Release|Any CPU
		{1395A183-3DE1-4030-BF16-1E616B9F93B8}.Release|iPhoneSimulator.ActiveCfg = Release|Any CPU
		{1395A183-3DE1-4030-BF16-1E616B9F93B8}.Release|iPhoneSimulator.Build.0 = Release|Any CPU
		{1395A183-3DE1-4030-BF16-1E616B9F93B8}.Release|iPhoneSimulator.Deploy.0 = Release|Any CPU
	EndGlobalSection
	GlobalSection(SolutionProperties) = preSolution
		HideSolutionNode = FALSE
	EndGlobalSection
	GlobalSection(ExtensibilityGlobals) = postSolution
		SolutionGuid = {10CB10C2-30B0-44B3-9A12-F6C0AE9A82AD}
	EndGlobalSection
EndGlobal
